
Microsoft Visual Studio Solution File, Format Version 12.00
# Visual Studio Version 16
VisualStudioVersion = 16.0.30413.136
MinimumVisualStudioVersion = 10.0.40219.1
Project("{9A19103F-16F7-4668-BE54-9A1E7A4F7556}") = "KnxReporter", "KnxReporter\KnxReporter.csproj", "{00D6E5DD-0157-44BA-BA6A-2C3A23A271B2}"
EndProject
Project("{9A19103F-16F7-4668-BE54-9A1E7A4F7556}") = "KnxReporterPWA", "KnxReporterPWA\KnxReporterPWA.csproj", "{1BC36608-19A3-4C5E-8432-5E5E8AE2BA74}"
EndProject
Global
	GlobalSection(SolutionConfigurationPlatforms) = preSolution
		Debug|Any CPU = Debug|Any CPU
		Release|Any CPU = Release|Any CPU
	EndGlobalSection
	GlobalSection(ProjectConfigurationPlatforms) = postSolution
		{00D6E5DD-0157-44BA-BA6A-2C3A23A271B2}.Debug|Any CPU.ActiveCfg = Debug|Any CPU
		{00D6E5DD-0157-44BA-BA6A-2C3A23A271B2}.Debug|Any CPU.Build.0 = Debug|Any CPU
		{00D6E5DD-0157-44BA-BA6A-2C3A23A271B2}.Release|Any CPU.ActiveCfg = Release|Any CPU
		{00D6E5DD-0157-44BA-BA6A-2C3A23A271B2}.Release|Any CPU.Build.0 = Release|Any CPU
		{1BC36608-19A3-4C5E-8432-5E5E8AE2BA74}.Debug|Any CPU.ActiveCfg = Debug|Any CPU
		{1BC36608-19A3-4C5E-8432-5E5E8AE2BA74}.Debug|Any CPU.Build.0 = Debug|Any CPU
		{1BC36608-19A3-4C5E-8432-5E5E8AE2BA74}.Release|Any CPU.ActiveCfg = Release|Any CPU
		{1BC36608-19A3-4C5E-8432-5E5E8AE2BA74}.Release|Any CPU.Build.0 = Release|Any CPU
	EndGlobalSection
	GlobalSection(SolutionProperties) = preSolution
		HideSolutionNode = FALSE
	EndGlobalSection
	GlobalSection(ExtensibilityGlobals) = postSolution
		SolutionGuid = {1B993135-CA01-49AC-9A7B-3D5891930962}
	EndGlobalSection
EndGlobal
